// !$*UTF8*$!
{
	archiveVersion = 1;
	classes = {
	};
	objectVersion = 55;
	objects = {

/* Begin PBXBuildFile section */
		B47819EB284B187700C532F8 /* pincode_checkerApp.swift in Sources */ = {isa = PBXBuildFile; fileRef = B47819EA284B187700C532F8 /* pincode_checkerApp.swift */; };
		B47819ED284B187700C532F8 /* ContentView.swift in Sources */ = {isa = PBXBuildFile; fileRef = B47819EC284B187700C532F8 /* ContentView.swift */; };
		B47819EF284B187900C532F8 /* Assets.xcassets in Resources */ = {isa = PBXBuildFile; fileRef = B47819EE284B187900C532F8 /* Assets.xcassets */; };
		B47819F2284B187900C532F8 /* Preview Assets.xcassets in Resources */ = {isa = PBXBuildFile; fileRef = B47819F1284B187900C532F8 /* Preview Assets.xcassets */; };
		B4781A04284B245700C532F8 /* NumpadButton.swift in Sources */ = {isa = PBXBuildFile; fileRef = B4781A03284B245700C532F8 /* NumpadButton.swift */; };
		B4781A0A284B83B400C532F8 /* AlertView.swift in Sources */ = {isa = PBXBuildFile; fileRef = B4781A09284B83B400C532F8 /* AlertView.swift */; };
		B4781A0C284B8F0500C532F8 /* KeychainHelper.swift in Sources */ = {isa = PBXBuildFile; fileRef = B4781A0B284B8F0500C532F8 /* KeychainHelper.swift */; };
		B4781A0E284BB8EE00C532F8 /* CustomTapGesture.swift in Sources */ = {isa = PBXBuildFile; fileRef = B4781A0D284BB8EE00C532F8 /* CustomTapGesture.swift */; };
/* End PBXBuildFile section */

/* Begin PBXFileReference section */
		B47819E7284B187700C532F8 /* pincode_checker.app */ = {isa = PBXFileReference; explicitFileType = wrapper.application; includeInIndex = 0; path = pincode_checker.app; sourceTree = BUILT_PRODUCTS_DIR; };
		B47819EA284B187700C532F8 /* pincode_checkerApp.swift */ = {isa = PBXFileReference; lastKnownFileType = sourcecode.swift; path = pincode_checkerApp.swift; sourceTree = "<group>"; };
		B47819EC284B187700C532F8 /* ContentView.swift */ = {isa = PBXFileReference; lastKnownFileType = sourcecode.swift; path = ContentView.swift; sourceTree = "<group>"; };
		B47819EE284B187900C532F8 /* Assets.xcassets */ = {isa = PBXFileReference; lastKnownFileType = folder.assetcatalog; path = Assets.xcassets; sourceTree = "<group>"; };
		B47819F1284B187900C532F8 /* Preview Assets.xcassets */ = {isa = PBXFileReference; lastKnownFileType = folder.assetcatalog; path = "Preview Assets.xcassets"; sourceTree = "<group>"; };
		B4781A03284B245700C532F8 /* NumpadButton.swift */ = {isa = PBXFileReference; lastKnownFileType = sourcecode.swift; path = NumpadButton.swift; sourceTree = "<group>"; };
		B4781A09284B83B400C532F8 /* AlertView.swift */ = {isa = PBXFileReference; lastKnownFileType = sourcecode.swift; path = AlertView.swift; sourceTree = "<group>"; };
		B4781A0B284B8F0500C532F8 /* KeychainHelper.swift */ = {isa = PBXFileReference; lastKnownFileType = sourcecode.swift; path = KeychainHelper.swift; sourceTree = "<group>"; };
		B4781A0D284BB8EE00C532F8 /* CustomTapGesture.swift */ = {isa = PBXFileReference; lastKnownFileType = sourcecode.swift; path = CustomTapGesture.swift; sourceTree = "<group>"; };
/* End PBXFileReference section */

/* Begin PBXFrameworksBuildPhase section */
		B47819E4284B187700C532F8 /* Frameworks */ = {
			isa = PBXFrameworksBuildPhase;
			buildActionMask = 2147483647;
			files = (
			);
			runOnlyForDeploymentPostprocessing = 0;
		};
/* End PBXFrameworksBuildPhase section */

/* Begin PBXGroup section */
		B47819DE284B187700C532F8 = {
			isa = PBXGroup;
			children = (
				B47819E9284B187700C532F8 /* pincode_checker */,
				B47819E8284B187700C532F8 /* Products */,
			);
			sourceTree = "<group>";
		};
		B47819E8284B187700C532F8 /* Products */ = {
			isa = PBXGroup;
			children = (
				B47819E7284B187700C532F8 /* pincode_checker.app */,
			);
			name = Products;
			sourceTree = "<group>";
		};
		B47819E9284B187700C532F8 /* pincode_checker */ = {
			isa = PBXGroup;
			children = (
				B47819EA284B187700C532F8 /* pincode_checkerApp.swift */,
				B47819EC284B187700C532F8 /* ContentView.swift */,
				B4781A0B284B8F0500C532F8 /* KeychainHelper.swift */,
				B4781A09284B83B400C532F8 /* AlertView.swift */,
				B4781A03284B245700C532F8 /* NumpadButton.swift */,
				B4781A0D284BB8EE00C532F8 /* CustomTapGesture.swift */,
				B47819EE284B187900C532F8 /* Assets.xcassets */,
				B47819F0284B187900C532F8 /* Preview Content */,
			);
			path = pincode_checker;
			sourceTree = "<group>";
		};
		B47819F0284B187900C532F8 /* Preview Content */ = {
			isa = PBXGroup;
			children = (
				B47819F1284B187900C532F8 /* Preview Assets.xcassets */,
			);
			path = "Preview Content";
			sourceTree = "<group>";
		};
/* End PBXGroup section */

/* Begin PBXNativeTarget section */
		B47819E6284B187700C532F8 /* pincode_checker */ = {
			isa = PBXNativeTarget;
			buildConfigurationList = B47819F5284B187900C532F8 /* Build configuration list for PBXNativeTarget "pincode_checker" */;
			buildPhases = (
				B47819E3284B187700C532F8 /* Sources */,
				B47819E4284B187700C532F8 /* Frameworks */,
				B47819E5284B187700C532F8 /* Resources */,
			);
			buildRules = (
			);
			dependencies = (
			);
			name = pincode_checker;
			productName = pincode_checker;
			productReference = B47819E7284B187700C532F8 /* pincode_checker.app */;
			productType = "com.apple.product-type.application";
		};
/* End PBXNativeTarget section */

/* Begin PBXProject section */
		B47819DF284B187700C532F8 /* Project object */ = {
			isa = PBXProject;
			attributes = {
				BuildIndependentTargetsInParallel = 1;
				LastSwiftUpdateCheck = 1340;
				LastUpgradeCheck = 1340;
				TargetAttributes = {
					B47819E6284B187700C532F8 = {
						CreatedOnToolsVersion = 13.4;
					};
				};
			};
			buildConfigurationList = B47819E2284B187700C532F8 /* Build configuration list for PBXProject "pincode_checker" */;
			compatibilityVersion = "Xcode 13.0";
			developmentRegion = en;
			hasScannedForEncodings = 0;
			knownRegions = (
				en,
				Base,
			);
			mainGroup = B47819DE284B187700C532F8;
			productRefGroup = B47819E8284B187700C532F8 /* Products */;
			projectDirPath = "";
			projectRoot = "";
			targets = (
				B47819E6284B187700C532F8 /* pincode_checker */,
			);
		};
/* End PBXProject section */

/* Begin PBXResourcesBuildPhase section */
		B47819E5284B187700C532F8 /* Resources */ = {
			isa = PBXResourcesBuildPhase;
			buildActionMask = 2147483647;
			files = (
				B47819F2284B187900C532F8 /* Preview Assets.xcassets in Resources */,
				B47819EF284B187900C532F8 /* Assets.xcassets in Resources */,
			);
			runOnlyForDeploymentPostprocessing = 0;
		};
/* End PBXResourcesBuildPhase section */

/* Begin PBXSourcesBuildPhase section */
		B47819E3284B187700C532F8 /* Sources */ = {
			isa = PBXSourcesBuildPhase;
			buildActionMask = 2147483647;
			files = (
				B4781A0E284BB8EE00C532F8 /* CustomTapGesture.swift in Sources */,
				B47819ED284B187700C532F8 /* ContentView.swift in Sources */,
				B4781A0A284B83B400C532F8 /* AlertView.swift in Sources */,
				B4781A0C284B8F0500C532F8 /* KeychainHelper.swift in Sources */,
				B47819EB284B187700C532F8 /* pincode_checkerApp.swift in Sources */,
				B4781A04284B245700C532F8 /* NumpadButton.swift in Sources */,
			);
			runOnlyForDeploymentPostprocessing = 0;
		};
/* End PBXSourcesBuildPhase section */

/* Begin XCBuildConfiguration section */
		B47819F3284B187900C532F8 /* Debug */ = {
			isa = XCBuildConfiguration;
			buildSettings = {
				ALWAYS_SEARCH_USER_PATHS = NO;
				CLANG_ANALYZER_NONNULL = YES;
				CLANG_ANALYZER_NUMBER_OBJECT_CONVERSION = YES_AGGRESSIVE;
				CLANG_CXX_LANGUAGE_STANDARD = "gnu++17";
				CLANG_ENABLE_MODULES = YES;
				CLANG_ENABLE_OBJC_ARC = YES;
				CLANG_ENABLE_OBJC_WEAK = YES;
				CLANG_WARN_BLOCK_CAPTURE_AUTORELEASING = YES;
				CLANG_WARN_BOOL_CONVERSION = YES;
				CLANG_WARN_COMMA = YES;
				CLANG_WARN_CONSTANT_CONVERSION = YES;
				CLANG_WARN_DEPRECATED_OBJC_IMPLEMENTATIONS = YES;
				CLANG_WARN_DIRECT_OBJC_ISA_USAGE = YES_ERROR;
				CLANG_WARN_DOCUMENTATION_COMMENTS = YES;
				CLANG_WARN_EMPTY_BODY = YES;
				CLANG_WARN_ENUM_CONVERSION = YES;
				CLANG_WARN_INFINITE_RECURSION = YES;
				CLANG_WARN_INT_CONVERSION = YES;
				CLANG_WARN_NON_LITERAL_NULL_CONVERSION = YES;
				CLANG_WARN_OBJC_IMPLICIT_RETAIN_SELF = YES;
				CLANG_WARN_OBJC_LITERAL_CONVERSION = YES;
				CLANG_WARN_OBJC_ROOT_CLASS = YES_ERROR;
				CLANG_WARN_QUOTED_INCLUDE_IN_FRAMEWORK_HEADER = YES;
				CLANG_WARN_RANGE_LOOP_ANALYSIS = YES;
				CLANG_WARN_STRICT_PROTOTYPES = YES;
				CLANG_WARN_SUSPICIOUS_MOVE = YES;
				CLANG_WARN_UNGUARDED_AVAILABILITY = YES_AGGRESSIVE;
				CLANG_WARN_UNREACHABLE_CODE = YES;
				CLANG_WARN__DUPLICATE_METHOD_MATCH = YES;
				COPY_PHASE_STRIP = NO;
				DEBUG_INFORMATION_FORMAT = dwarf;
				ENABLE_STRICT_OBJC_MSGSEND = YES;
				ENABLE_TESTABILITY = YES;
				GCC_C_LANGUAGE_STANDARD = gnu11;
				GCC_DYNAMIC_NO_PIC = NO;
				GCC_NO_COMMON_BLOCKS = YES;
				GCC_OPTIMIZATION_LEVEL = 0;
				GCC_PREPROCESSOR_DEFINITIONS = (
					"DEBUG=1",
					"$(inherited)",
				);
				GCC_WARN_64_TO_32_BIT_CONVERSION = YES;
				GCC_WARN_ABOUT_RETURN_TYPE = YES_ERROR;
				GCC_WARN_UNDECLARED_SELECTOR = YES;
				GCC_WARN_UNINITIALIZED_AUTOS = YES_AGGRESSIVE;
				GCC_WARN_UNUSED_FUNCTION = YES;
				GCC_WARN_UNUSED_VARIABLE = YES;
				IPHONEOS_DEPLOYMENT_TARGET = 15.5;
				MTL_ENABLE_DEBUG_INFO = INCLUDE_SOURCE;
				MTL_FAST_MATH = YES;
				ONLY_ACTIVE_ARCH = YES;
				SDKROOT = iphoneos;
				SWIFT_ACTIVE_COMPILATION_CONDITIONS = DEBUG;
				SWIFT_OPTIMIZATION_LEVEL = "-Onone";
			};
			name = Debug;
		};
		B47819F4284B187900C532F8 /* Release */ = {
			isa = XCBuildConfiguration;
			buildSettings = {
				ALWAYS_SEARCH_USER_PATHS = NO;
				CLANG_ANALYZER_NONNULL = YES;
				CLANG_ANALYZER_NUMBER_OBJECT_CONVERSION = YES_AGGRESSIVE;
				CLANG_CXX_LANGUAGE_STANDARD = "gnu++17";
				CLANG_ENABLE_MODULES = YES;
				CLANG_ENABLE_OBJC_ARC = YES;
				CLANG_ENABLE_OBJC_WEAK = YES;
				CLANG_WARN_BLOCK_CAPTURE_AUTORELEASING = YES;
				CLANG_WARN_BOOL_CONVERSION = YES;
				CLANG_WARN_COMMA = YES;
				CLANG_WARN_CONSTANT_CONVERSION = YES;
				CLANG_WARN_DEPRECATED_OBJC_IMPLEMENTATIONS = YES;
				CLANG_WARN_DIRECT_OBJC_ISA_USAGE = YES_ERROR;
				CLANG_WARN_DOCUMENTATION_COMMENTS = YES;
				CLANG_WARN_EMPTY_BODY = YES;
				CLANG_WARN_ENUM_CONVERSION = YES;
				CLANG_WARN_INFINITE_RECURSION = YES;
				CLANG_WARN_INT_CONVERSION = YES;
				CLANG_WARN_NON_LITERAL_NULL_CONVERSION = YES;
				CLANG_WARN_OBJC_IMPLICIT_RETAIN_SELF = YES;
				CLANG_WARN_OBJC_LITERAL_CONVERSION = YES;
				CLANG_WARN_OBJC_ROOT_CLASS = YES_ERROR;
				CLANG_WARN_QUOTED_INCLUDE_IN_FRAMEWORK_HEADER = YES;
				CLANG_WARN_RANGE_LOOP_ANALYSIS = YES;
				CLANG_WARN_STRICT_PROTOTYPES = YES;
				CLANG_WARN_SUSPICIOUS_MOVE = YES;
				CLANG_WARN_UNGUARDED_AVAILABILITY = YES_AGGRESSIVE;
				CLANG_WARN_UNREACHABLE_CODE = YES;
				CLANG_WARN__DUPLICATE_METHOD_MATCH = YES;
				COPY_PHASE_STRIP = NO;
				DEBUG_INFORMATION_FORMAT = "dwarf-with-dsym";
				ENABLE_NS_ASSERTIONS = NO;
				ENABLE_STRICT_OBJC_MSGSEND = YES;
				GCC_C_LANGUAGE_STANDARD = gnu11;
				GCC_NO_COMMON_BLOCKS = YES;
				GCC_WARN_64_TO_32_BIT_CONVERSION = YES;
				GCC_WARN_ABOUT_RETURN_TYPE = YES_ERROR;
				GCC_WARN_UNDECLARED_SELECTOR = YES;
				GCC_WARN_UNINITIALIZED_AUTOS = YES_AGGRESSIVE;
				GCC_WARN_UNUSED_FUNCTION = YES;
				GCC_WARN_UNUSED_VARIABLE = YES;
				IPHONEOS_DEPLOYMENT_TARGET = 15.5;
				MTL_ENABLE_DEBUG_INFO = NO;
				MTL_FAST_MATH = YES;
				SDKROOT = iphoneos;
				SWIFT_COMPILATION_MODE = wholemodule;
				SWIFT_OPTIMIZATION_LEVEL = "-O";
				VALIDATE_PRODUCT = YES;
			};
			name = Release;
		};
		B47819F6284B187900C532F8 /* Debug */ = {
			isa = XCBuildConfiguration;
			buildSettings = {
				ASSETCATALOG_COMPILER_APPICON_NAME = AppIcon;
				ASSETCATALOG_COMPILER_GLOBAL_ACCENT_COLOR_NAME = AccentColor;
				CODE_SIGN_STYLE = Automatic;
				CURRENT_PROJECT_VERSION = 1;
				DEVELOPMENT_ASSET_PATHS = "\"pincode_checker/Preview Content\"";
				DEVELOPMENT_TEAM = 9M7NZR7YP6;
				ENABLE_PREVIEWS = YES;
				GENERATE_INFOPLIST_FILE = YES;
				INFOPLIST_KEY_UIApplicationSceneManifest_Generation = YES;
				INFOPLIST_KEY_UIApplicationSupportsIndirectInputEvents = YES;
				INFOPLIST_KEY_UILaunchScreen_Generation = YES;
				INFOPLIST_KEY_UISupportedInterfaceOrientations_iPad = "UIInterfaceOrientationPortrait UIInterfaceOrientationPortraitUpsideDown UIInterfaceOrientationLandscapeLeft UIInterfaceOrientationLandscapeRight";
				INFOPLIST_KEY_UISupportedInterfaceOrientations_iPhone = "UIInterfaceOrientationPortrait UIInterfaceOrientationLandscapeLeft UIInterfaceOrientationLandscapeRight";
				IPHONEOS_DEPLOYMENT_TARGET = 14.0;
				LD_RUNPATH_SEARCH_PATHS = (
					"$(inherited)",
					"@executable_path/Frameworks",
				);
				MARKETING_VERSION = 1.0;
				PRODUCT_BUNDLE_IDENTIFIER = "com.clickey.pincode-checker";
				PRODUCT_NAME = "$(TARGET_NAME)";
				SWIFT_EMIT_LOC_STRINGS = YES;
				SWIFT_VERSION = 5.0;
				TARGETED_DEVICE_FAMILY = "1,2";
			};
			name = Debug;
		};
		B47819F7284B187900C532F8 /* Release */ = {
			isa = XCBuildConfiguration;
			buildSettings = {
				ASSETCATALOG_COMPILER_APPICON_NAME = AppIcon;
				ASSETCATALOG_COMPILER_GLOBAL_ACCENT_COLOR_NAME = AccentColor;
				CODE_SIGN_STYLE = Automatic;
				CURRENT_PROJECT_VERSION = 1;
				DEVELOPMENT_ASSET_PATHS = "\"pincode_checker/Preview Content\"";
				DEVELOPMENT_TEAM = 9M7NZR7YP6;
				ENABLE_PREVIEWS = YES;
				GENERATE_INFOPLIST_FILE = YES;
				INFOPLIST_KEY_UIApplicationSceneManifest_Generation = YES;
				INFOPLIST_KEY_UIApplicationSupportsIndirectInputEvents = YES;
				INFOPLIST_KEY_UILaunchScreen_Generation = YES;
				INFOPLIST_KEY_UISupportedInterfaceOrientations_iPad = "UIInterfaceOrientationPortrait UIInterfaceOrientationPortraitUpsideDown UIInterfaceOrientationLandscapeLeft UIInterfaceOrientationLandscapeRight";
				INFOPLIST_KEY_UISupportedInterfaceOrientations_iPhone = "UIInterfaceOrientationPortrait UIInterfaceOrientationLandscapeLeft UIInterfaceOrientationLandscapeRight";
				IPHONEOS_DEPLOYMENT_TARGET = 14.0;
				LD_RUNPATH_SEARCH_PATHS = (
					"$(inherited)",
					"@executable_path/Frameworks",
				);
				MARKETING_VERSION = 1.0;
				PRODUCT_BUNDLE_IDENTIFIER = "com.clickey.pincode-checker";
				PRODUCT_NAME = "$(TARGET_NAME)";
				SWIFT_EMIT_LOC_STRINGS = YES;
				SWIFT_VERSION = 5.0;
				TARGETED_DEVICE_FAMILY = "1,2";
			};
			name = Release;
		};
/* End XCBuildConfiguration section */

/* Begin XCConfigurationList section */
		B47819E2284B187700C532F8 /* Build configuration list for PBXProject "pincode_checker" */ = {
			isa = XCConfigurationList;
			buildConfigurations = (
				B47819F3284B187900C532F8 /* Debug */,
				B47819F4284B187900C532F8 /* Release */,
			);
			defaultConfigurationIsVisible = 0;
			defaultConfigurationName = Release;
		};
		B47819F5284B187900C532F8 /* Build configuration list for PBXNativeTarget "pincode_checker" */ = {
			isa = XCConfigurationList;
			buildConfigurations = (
				B47819F6284B187900C532F8 /* Debug */,
				B47819F7284B187900C532F8 /* Release */,
			);
			defaultConfigurationIsVisible = 0;
			defaultConfigurationName = Release;
		};
/* End XCConfigurationList section */
	};
	rootObject = B47819DF284B187700C532F8 /* Project object */;
}
